
Microsoft Visual Studio Solution File, Format Version 12.00
# Visual Studio Version 17
VisualStudioVersion = 17.1.32319.34
MinimumVisualStudioVersion = 10.0.40219.1
Project("{9A19103F-16F7-4668-BE54-9A1E7A4F7556}") = "WebApplication", "WebApplication\WebApplication.csproj", "{E4337587-3EBA-4CCF-AC46-213B78628A2C}"
EndProject
Project("{9A19103F-16F7-4668-BE54-9A1E7A4F7556}") = "controllerExample", "controllerExample\controllerExample.csproj", "{B7CCF7F8-0BDF-4E80-8544-E28BC0307549}"
EndProject
Project("{9A19103F-16F7-4668-BE54-9A1E7A4F7556}") = "BankApp", "BankApp\BankApp.csproj", "{DF711AE7-CF11-4780-9C41-FA28C9C2DB7E}"
EndProject
Project("{9A19103F-16F7-4668-BE54-9A1E7A4F7556}") = "ModelValidationExample", "ModelValidationExample\ModelValidationExample.csproj", "{0A7EA6E5-FB25-44FB-960B-C0098D8EEF36}"
EndProject
Project("{9A19103F-16F7-4668-BE54-9A1E7A4F7556}") = "ViewsExample", "ViewsExample\ViewsExample.csproj", "{8F6A0CC2-3EA8-4E29-89BF-792DAF633A62}"
EndProject
Project("{9A19103F-16F7-4668-BE54-9A1E7A4F7556}") = "DependencyEjectionExample", "DependencyEjectionExample\DependencyEjectionExample.csproj", "{4594FB4F-DA01-499F-A21F-4BC87D7A0CB8}"
EndProject
Project("{9A19103F-16F7-4668-BE54-9A1E7A4F7556}") = "Services", "Services\Services.csproj", "{5EE38572-2D6A-4B83-AD6B-A04267849C63}"
EndProject
Project("{9A19103F-16F7-4668-BE54-9A1E7A4F7556}") = "ServiceContracts", "ServiceContracts\ServiceContracts.csproj", "{F449D049-F647-4197-A3C7-D69093CF5F78}"
EndProject
Project("{2150E333-8FDC-42A3-9474-1A3956D46DE8}") = "Weather", "Weather", "{7314EFCC-10C7-4F0A-AD46-D6C1DD8FDE40}"
EndProject
Project("{FAE04EC0-301F-11D3-BF4B-00C04F79EFBC}") = "Weather_app", "Weather_app\Weather_app.csproj", "{FA926239-96EB-45AE-8CBD-148B439FA19B}"
EndProject
Project("{FAE04EC0-301F-11D3-BF4B-00C04F79EFBC}") = "Services", "Service\Services.csproj", "{5C8994F3-325E-4ABB-8634-C4957C04822A}"
EndProject
Project("{FAE04EC0-301F-11D3-BF4B-00C04F79EFBC}") = "ServiceContracts", "ServiceContract\ServiceContracts.csproj", "{ACEDB5FE-D759-4586-AD38-D529726C30DE}"
EndProject
Project("{FAE04EC0-301F-11D3-BF4B-00C04F79EFBC}") = "Models", "Models\Models.csproj", "{BDACBC2A-F811-4EAD-BE81-4619EBFC0C85}"
EndProject
Project("{2150E333-8FDC-42A3-9474-1A3956D46DE8}") = "Environment", "Environment", "{7513E00A-6212-44A9-9B9F-2CA5F12F94E5}"
EndProject
Project("{FAE04EC0-301F-11D3-BF4B-00C04F79EFBC}") = "EnvironmentsExample", "EnviromentsExample\EnvironmentsExample.csproj", "{2392F82A-AC66-4338-A21E-4481C09B3C53}"
EndProject
Project("{2150E333-8FDC-42A3-9474-1A3956D46DE8}") = "Configuration", "Configuration", "{A042E6A3-F7BA-426D-B4A2-C4F4DB066834}"
EndProject
Project("{FAE04EC0-301F-11D3-BF4B-00C04F79EFBC}") = "ConfigurationExample", "ConfigurationExample\ConfigurationExample.csproj", "{B4596479-3042-48AC-A9A5-6D7E7E41A9EE}"
EndProject
Project("{2150E333-8FDC-42A3-9474-1A3956D46DE8}") = "SocialMedia", "SocialMedia", "{CDAD6A39-7F9F-4751-98F0-6863D6AC5A84}"
EndProject
Project("{FAE04EC0-301F-11D3-BF4B-00C04F79EFBC}") = "SocialMedia", "SocialMedia\SocialMedia.csproj", "{8DF1FC65-417A-4432-8CE9-A7012574492F}"
EndProject
Global
	GlobalSection(SolutionConfigurationPlatforms) = preSolution
		Debug|Any CPU = Debug|Any CPU
		Release|Any CPU = Release|Any CPU
	EndGlobalSection
	GlobalSection(ProjectConfigurationPlatforms) = postSolution
		{E4337587-3EBA-4CCF-AC46-213B78628A2C}.Debug|Any CPU.ActiveCfg = Debug|Any CPU
		{E4337587-3EBA-4CCF-AC46-213B78628A2C}.Debug|Any CPU.Build.0 = Debug|Any CPU
		{E4337587-3EBA-4CCF-AC46-213B78628A2C}.Release|Any CPU.ActiveCfg = Release|Any CPU
		{E4337587-3EBA-4CCF-AC46-213B78628A2C}.Release|Any CPU.Build.0 = Release|Any CPU
		{B7CCF7F8-0BDF-4E80-8544-E28BC0307549}.Debug|Any CPU.ActiveCfg = Debug|Any CPU
		{B7CCF7F8-0BDF-4E80-8544-E28BC0307549}.Debug|Any CPU.Build.0 = Debug|Any CPU
		{B7CCF7F8-0BDF-4E80-8544-E28BC0307549}.Release|Any CPU.ActiveCfg = Release|Any CPU
		{B7CCF7F8-0BDF-4E80-8544-E28BC0307549}.Release|Any CPU.Build.0 = Release|Any CPU
		{DF711AE7-CF11-4780-9C41-FA28C9C2DB7E}.Debug|Any CPU.ActiveCfg = Debug|Any CPU
		{DF711AE7-CF11-4780-9C41-FA28C9C2DB7E}.Debug|Any CPU.Build.0 = Debug|Any CPU
		{DF711AE7-CF11-4780-9C41-FA28C9C2DB7E}.Release|Any CPU.ActiveCfg = Release|Any CPU
		{DF711AE7-CF11-4780-9C41-FA28C9C2DB7E}.Release|Any CPU.Build.0 = Release|Any CPU
		{0A7EA6E5-FB25-44FB-960B-C0098D8EEF36}.Debug|Any CPU.ActiveCfg = Debug|Any CPU
		{0A7EA6E5-FB25-44FB-960B-C0098D8EEF36}.Debug|Any CPU.Build.0 = Debug|Any CPU
		{0A7EA6E5-FB25-44FB-960B-C0098D8EEF36}.Release|Any CPU.ActiveCfg = Release|Any CPU
		{0A7EA6E5-FB25-44FB-960B-C0098D8EEF36}.Release|Any CPU.Build.0 = Release|Any CPU
		{8F6A0CC2-3EA8-4E29-89BF-792DAF633A62}.Debug|Any CPU.ActiveCfg = Debug|Any CPU
		{8F6A0CC2-3EA8-4E29-89BF-792DAF633A62}.Debug|Any CPU.Build.0 = Debug|Any CPU
		{8F6A0CC2-3EA8-4E29-89BF-792DAF633A62}.Release|Any CPU.ActiveCfg = Release|Any CPU
		{8F6A0CC2-3EA8-4E29-89BF-792DAF633A62}.Release|Any CPU.Build.0 = Release|Any CPU
		{4594FB4F-DA01-499F-A21F-4BC87D7A0CB8}.Debug|Any CPU.ActiveCfg = Debug|Any CPU
		{4594FB4F-DA01-499F-A21F-4BC87D7A0CB8}.Debug|Any CPU.Build.0 = Debug|Any CPU
		{4594FB4F-DA01-499F-A21F-4BC87D7A0CB8}.Release|Any CPU.ActiveCfg = Release|Any CPU
		{4594FB4F-DA01-499F-A21F-4BC87D7A0CB8}.Release|Any CPU.Build.0 = Release|Any CPU
		{5EE38572-2D6A-4B83-AD6B-A04267849C63}.Debug|Any CPU.ActiveCfg = Debug|Any CPU
		{5EE38572-2D6A-4B83-AD6B-A04267849C63}.Debug|Any CPU.Build.0 = Debug|Any CPU
		{5EE38572-2D6A-4B83-AD6B-A04267849C63}.Release|Any CPU.ActiveCfg = Release|Any CPU
		{5EE38572-2D6A-4B83-AD6B-A04267849C63}.Release|Any CPU.Build.0 = Release|Any CPU
		{F449D049-F647-4197-A3C7-D69093CF5F78}.Debug|Any CPU.ActiveCfg = Debug|Any CPU
		{F449D049-F647-4197-A3C7-D69093CF5F78}.Debug|Any CPU.Build.0 = Debug|Any CPU
		{F449D049-F647-4197-A3C7-D69093CF5F78}.Release|Any CPU.ActiveCfg = Release|Any CPU
		{F449D049-F647-4197-A3C7-D69093CF5F78}.Release|Any CPU.Build.0 = Release|Any CPU
		{FA926239-96EB-45AE-8CBD-148B439FA19B}.Debug|Any CPU.ActiveCfg = Debug|Any CPU
		{FA926239-96EB-45AE-8CBD-148B439FA19B}.Debug|Any CPU.Build.0 = Debug|Any CPU
		{FA926239-96EB-45AE-8CBD-148B439FA19B}.Release|Any CPU.ActiveCfg = Release|Any CPU
		{FA926239-96EB-45AE-8CBD-148B439FA19B}.Release|Any CPU.Build.0 = Release|Any CPU
		{5C8994F3-325E-4ABB-8634-C4957C04822A}.Debug|Any CPU.ActiveCfg = Debug|Any CPU
		{5C8994F3-325E-4ABB-8634-C4957C04822A}.Debug|Any CPU.Build.0 = Debug|Any CPU
		{5C8994F3-325E-4ABB-8634-C4957C04822A}.Release|Any CPU.ActiveCfg = Release|Any CPU
		{5C8994F3-325E-4ABB-8634-C4957C04822A}.Release|Any CPU.Build.0 = Release|Any CPU
		{ACEDB5FE-D759-4586-AD38-D529726C30DE}.Debug|Any CPU.ActiveCfg = Debug|Any CPU
		{ACEDB5FE-D759-4586-AD38-D529726C30DE}.Debug|Any CPU.Build.0 = Debug|Any CPU
		{ACEDB5FE-D759-4586-AD38-D529726C30DE}.Release|Any CPU.ActiveCfg = Release|Any CPU
		{ACEDB5FE-D759-4586-AD38-D529726C30DE}.Release|Any CPU.Build.0 = Release|Any CPU
		{BDACBC2A-F811-4EAD-BE81-4619EBFC0C85}.Debug|Any CPU.ActiveCfg = Debug|Any CPU
		{BDACBC2A-F811-4EAD-BE81-4619EBFC0C85}.Debug|Any CPU.Build.0 = Debug|Any CPU
		{BDACBC2A-F811-4EAD-BE81-4619EBFC0C85}.Release|Any CPU.ActiveCfg = Release|Any CPU
		{BDACBC2A-F811-4EAD-BE81-4619EBFC0C85}.Release|Any CPU.Build.0 = Release|Any CPU
		{2392F82A-AC66-4338-A21E-4481C09B3C53}.Debug|Any CPU.ActiveCfg = Debug|Any CPU
		{2392F82A-AC66-4338-A21E-4481C09B3C53}.Debug|Any CPU.Build.0 = Debug|Any CPU
		{2392F82A-AC66-4338-A21E-4481C09B3C53}.Release|Any CPU.ActiveCfg = Release|Any CPU
		{2392F82A-AC66-4338-A21E-4481C09B3C53}.Release|Any CPU.Build.0 = Release|Any CPU
		{B4596479-3042-48AC-A9A5-6D7E7E41A9EE}.Debug|Any CPU.ActiveCfg = Debug|Any CPU
		{B4596479-3042-48AC-A9A5-6D7E7E41A9EE}.Debug|Any CPU.Build.0 = Debug|Any CPU
		{B4596479-3042-48AC-A9A5-6D7E7E41A9EE}.Release|Any CPU.ActiveCfg = Release|Any CPU
		{B4596479-3042-48AC-A9A5-6D7E7E41A9EE}.Release|Any CPU.Build.0 = Release|Any CPU
		{8DF1FC65-417A-4432-8CE9-A7012574492F}.Debug|Any CPU.ActiveCfg = Debug|Any CPU
		{8DF1FC65-417A-4432-8CE9-A7012574492F}.Debug|Any CPU.Build.0 = Debug|Any CPU
		{8DF1FC65-417A-4432-8CE9-A7012574492F}.Release|Any CPU.ActiveCfg = Release|Any CPU
		{8DF1FC65-417A-4432-8CE9-A7012574492F}.Release|Any CPU.Build.0 = Release|Any CPU
	EndGlobalSection
	GlobalSection(SolutionProperties) = preSolution
		HideSolutionNode = FALSE
	EndGlobalSection
	GlobalSection(NestedProjects) = preSolution
		{FA926239-96EB-45AE-8CBD-148B439FA19B} = {7314EFCC-10C7-4F0A-AD46-D6C1DD8FDE40}
		{5C8994F3-325E-4ABB-8634-C4957C04822A} = {7314EFCC-10C7-4F0A-AD46-D6C1DD8FDE40}
		{ACEDB5FE-D759-4586-AD38-D529726C30DE} = {7314EFCC-10C7-4F0A-AD46-D6C1DD8FDE40}
		{BDACBC2A-F811-4EAD-BE81-4619EBFC0C85} = {7314EFCC-10C7-4F0A-AD46-D6C1DD8FDE40}
		{2392F82A-AC66-4338-A21E-4481C09B3C53} = {7513E00A-6212-44A9-9B9F-2CA5F12F94E5}
		{B4596479-3042-48AC-A9A5-6D7E7E41A9EE} = {A042E6A3-F7BA-426D-B4A2-C4F4DB066834}
		{8DF1FC65-417A-4432-8CE9-A7012574492F} = {CDAD6A39-7F9F-4751-98F0-6863D6AC5A84}
	EndGlobalSection
	GlobalSection(ExtensibilityGlobals) = postSolution
		SolutionGuid = {F4171F80-6247-4366-B8C0-F2AF66F2DC5B}
	EndGlobalSection
EndGlobal
